
Microsoft Visual Studio Solution File, Format Version 12.00
# Visual Studio Version 17
VisualStudioVersion = 17.4.33213.308
MinimumVisualStudioVersion = 10.0.40219.1
Project("{9A19103F-16F7-4668-BE54-9A1E7A4F7556}") = "Netina.Stomp.Client", "source\Netina.Stomp.Client.csproj", "{BF3327AA-96F0-4F1B-9762-4DAD6AEF44C3}"
EndProject
Global
	GlobalSection(SolutionConfigurationPlatforms) = preSolution
		Debug|Any CPU = Debug|Any CPU
		Release|Any CPU = Release|Any CPU
	EndGlobalSection
	GlobalSection(ProjectConfigurationPlatforms) = postSolution
		{BF3327AA-96F0-4F1B-9762-4DAD6AEF44C3}.Debug|Any CPU.ActiveCfg = Debug|Any CPU
		{BF3327AA-96F0-4F1B-9762-4DAD6AEF44C3}.Debug|Any CPU.Build.0 = Debug|Any CPU
		{BF3327AA-96F0-4F1B-9762-4DAD6AEF44C3}.Release|Any CPU.ActiveCfg = Release|Any CPU
		{BF3327AA-96F0-4F1B-9762-4DAD6AEF44C3}.Release|Any CPU.Build.0 = Release|Any CPU
	EndGlobalSection
	GlobalSection(SolutionProperties) = preSolution
		HideSolutionNode = FALSE
	EndGlobalSection
	GlobalSection(ExtensibilityGlobals) = postSolution
		SolutionGuid = {F11CD353-1BDA-4AA1-B84F-8D2499F49A48}
	EndGlobalSection
EndGlobal
